
Microsoft Visual Studio Solution File, Format Version 12.00
# Visual Studio Version 17
VisualStudioVersion = 17.8.34316.72
MinimumVisualStudioVersion = 10.0.40219.1
Project("{9A19103F-16F7-4668-BE54-9A1E7A4F7556}") = "COM3D2.i18nEx.Core", "Projects\COM3D2.i18nEx.Core\COM3D2.i18nEx.Core.csproj", "{1009E384-FACF-468A-8C86-E955C3F8E61C}"
EndProject
Project("{9A19103F-16F7-4668-BE54-9A1E7A4F7556}") = "COM3D2.i18nEx.BepInEx", "Projects\COM3D2.i18nEx.BepInEx\COM3D2.i18nEx.BepInEx.csproj", "{818B9F24-8EBF-444B-A7DE-E7786E34698B}"
EndProject
Project("{9A19103F-16F7-4668-BE54-9A1E7A4F7556}") = "COM3D25.i18nEx.Core", "Projects\COM3D25.i18nEx.Core\COM3D25.i18nEx.Core.csproj", "{45A0FF97-3C83-4728-BCB1-7DB5E4E75D8F}"
EndProject
Project("{9A19103F-16F7-4668-BE54-9A1E7A4F7556}") = "COM3D25.i18nEx.BepInEx", "Projects\COM3D25.i18nEx.BepInEx\COM3D25.i18nEx.BepInEx.csproj", "{93A49150-3FFD-4CED-8A69-ADF0F8188DEE}"
EndProject
Project("{2150E333-8FDC-42A3-9474-1A3956D46DE8}") = "Solution Items", "Solution Items", "{FF8F0830-CD38-42D5-AFF0-AAA570A6993D}"
	ProjectSection(SolutionItems) = preProject
		.editorconfig = .editorconfig
	EndProjectSection
EndProject
Global
	GlobalSection(SolutionConfigurationPlatforms) = preSolution
		Debug|Any CPU = Debug|Any CPU
		Release|Any CPU = Release|Any CPU
	EndGlobalSection
	GlobalSection(ProjectConfigurationPlatforms) = postSolution
		{1009E384-FACF-468A-8C86-E955C3F8E61C}.Debug|Any CPU.ActiveCfg = Debug|Any CPU
		{1009E384-FACF-468A-8C86-E955C3F8E61C}.Debug|Any CPU.Build.0 = Debug|Any CPU
		{1009E384-FACF-468A-8C86-E955C3F8E61C}.Release|Any CPU.ActiveCfg = Release|Any CPU
		{1009E384-FACF-468A-8C86-E955C3F8E61C}.Release|Any CPU.Build.0 = Release|Any CPU
		{818B9F24-8EBF-444B-A7DE-E7786E34698B}.Debug|Any CPU.ActiveCfg = Debug|Any CPU
		{818B9F24-8EBF-444B-A7DE-E7786E34698B}.Debug|Any CPU.Build.0 = Debug|Any CPU
		{818B9F24-8EBF-444B-A7DE-E7786E34698B}.Release|Any CPU.ActiveCfg = Release|Any CPU
		{818B9F24-8EBF-444B-A7DE-E7786E34698B}.Release|Any CPU.Build.0 = Release|Any CPU
		{45A0FF97-3C83-4728-BCB1-7DB5E4E75D8F}.Debug|Any CPU.ActiveCfg = Debug|Any CPU
		{45A0FF97-3C83-4728-BCB1-7DB5E4E75D8F}.Debug|Any CPU.Build.0 = Debug|Any CPU
		{45A0FF97-3C83-4728-BCB1-7DB5E4E75D8F}.Release|Any CPU.ActiveCfg = Release|Any CPU
		{45A0FF97-3C83-4728-BCB1-7DB5E4E75D8F}.Release|Any CPU.Build.0 = Release|Any CPU
		{93A49150-3FFD-4CED-8A69-ADF0F8188DEE}.Debug|Any CPU.ActiveCfg = Debug|Any CPU
		{93A49150-3FFD-4CED-8A69-ADF0F8188DEE}.Debug|Any CPU.Build.0 = Debug|Any CPU
		{93A49150-3FFD-4CED-8A69-ADF0F8188DEE}.Release|Any CPU.ActiveCfg = Release|Any CPU
		{93A49150-3FFD-4CED-8A69-ADF0F8188DEE}.Release|Any CPU.Build.0 = Release|Any CPU
	EndGlobalSection
	GlobalSection(SolutionProperties) = preSolution
		HideSolutionNode = FALSE
	EndGlobalSection
	GlobalSection(ExtensibilityGlobals) = postSolution
		SolutionGuid = {E1355369-B6DF-4567-A478-99D522FCEB4A}
	EndGlobalSection
EndGlobal
